
Microsoft Visual Studio Solution File, Format Version 12.00
# Visual Studio 2012
Project("{8BC9CEB8-8B4A-11D0-8D11-00A0C91BC942}") = "PlaygroundQT_ST", "PlaygroundQT\PlaygroundQT.vcxproj", "{F93924F2-CE2F-4420-AFCC-FE66F3753DCE}"
	ProjectSection(ProjectDependencies) = postProject
		{22E90329-9202-43AA-9A19-2A16F1226D46} = {22E90329-9202-43AA-9A19-2A16F1226D46}
		{EEAEDAB0-F12E-4C08-840A-9D316C00339A} = {EEAEDAB0-F12E-4C08-840A-9D316C00339A}
	EndProjectSection
EndProject
Project("{FAE04EC0-301F-11D3-BF4B-00C04F79EFBC}") = "MainMenu", "MainMenu\MainMenu.csproj", "{AA80D38A-CACE-4547-AD2D-B7F42B08B1B3}"
	ProjectSection(ProjectDependencies) = postProject
		{A6E558B6-6EB2-4EC6-9AFD-3A0859FEB7E9} = {A6E558B6-6EB2-4EC6-9AFD-3A0859FEB7E9}
		{F93924F2-CE2F-4420-AFCC-FE66F3753DCE} = {F93924F2-CE2F-4420-AFCC-FE66F3753DCE}
	EndProjectSection
EndProject
Project("{FAE04EC0-301F-11D3-BF4B-00C04F79EFBC}") = "SimUI", "SimUI\SimUI.csproj", "{A6E558B6-6EB2-4EC6-9AFD-3A0859FEB7E9}"
EndProject
Project("{8BC9CEB8-8B4A-11D0-8D11-00A0C91BC942}") = "EnkiLib", "EnkiLib\EnkiLib.vcxproj", "{EEAEDAB0-F12E-4C08-840A-9D316C00339A}"
EndProject
Project("{8BC9CEB8-8B4A-11D0-8D11-00A0C91BC942}") = "EnkiViewer", "EnkiViewer\EnkiViewer.vcxproj", "{22E90329-9202-43AA-9A19-2A16F1226D46}"
EndProject
Global
	GlobalSection(SolutionConfigurationPlatforms) = preSolution
		CD_ROM|Any CPU = CD_ROM|Any CPU
		CD_ROM|Mixed Platforms = CD_ROM|Mixed Platforms
		CD_ROM|Win32 = CD_ROM|Win32
		Debug|Any CPU = Debug|Any CPU
		Debug|Mixed Platforms = Debug|Mixed Platforms
		Debug|Win32 = Debug|Win32
		DVD-5|Any CPU = DVD-5|Any CPU
		DVD-5|Mixed Platforms = DVD-5|Mixed Platforms
		DVD-5|Win32 = DVD-5|Win32
		Release|Any CPU = Release|Any CPU
		Release|Mixed Platforms = Release|Mixed Platforms
		Release|Win32 = Release|Win32
		SingleImage|Any CPU = SingleImage|Any CPU
		SingleImage|Mixed Platforms = SingleImage|Mixed Platforms
		SingleImage|Win32 = SingleImage|Win32
	EndGlobalSection
	GlobalSection(ProjectConfigurationPlatforms) = postSolution
		{F93924F2-CE2F-4420-AFCC-FE66F3753DCE}.CD_ROM|Any CPU.ActiveCfg = Release|Win32
		{F93924F2-CE2F-4420-AFCC-FE66F3753DCE}.CD_ROM|Mixed Platforms.ActiveCfg = Release|Win32
		{F93924F2-CE2F-4420-AFCC-FE66F3753DCE}.CD_ROM|Mixed Platforms.Build.0 = Release|Win32
		{F93924F2-CE2F-4420-AFCC-FE66F3753DCE}.CD_ROM|Win32.ActiveCfg = Release|Win32
		{F93924F2-CE2F-4420-AFCC-FE66F3753DCE}.CD_ROM|Win32.Build.0 = Release|Win32
		{F93924F2-CE2F-4420-AFCC-FE66F3753DCE}.Debug|Any CPU.ActiveCfg = Debug|Win32
		{F93924F2-CE2F-4420-AFCC-FE66F3753DCE}.Debug|Mixed Platforms.ActiveCfg = Debug|Win32
		{F93924F2-CE2F-4420-AFCC-FE66F3753DCE}.Debug|Mixed Platforms.Build.0 = Debug|Win32
		{F93924F2-CE2F-4420-AFCC-FE66F3753DCE}.Debug|Win32.ActiveCfg = Debug|Win32
		{F93924F2-CE2F-4420-AFCC-FE66F3753DCE}.Debug|Win32.Build.0 = Debug|Win32
		{F93924F2-CE2F-4420-AFCC-FE66F3753DCE}.DVD-5|Any CPU.ActiveCfg = Debug|Win32
		{F93924F2-CE2F-4420-AFCC-FE66F3753DCE}.DVD-5|Mixed Platforms.ActiveCfg = Debug|Win32
		{F93924F2-CE2F-4420-AFCC-FE66F3753DCE}.DVD-5|Mixed Platforms.Build.0 = Debug|Win32
		{F93924F2-CE2F-4420-AFCC-FE66F3753DCE}.DVD-5|Win32.ActiveCfg = Debug|Win32
		{F93924F2-CE2F-4420-AFCC-FE66F3753DCE}.DVD-5|Win32.Build.0 = Debug|Win32
		{F93924F2-CE2F-4420-AFCC-FE66F3753DCE}.Release|Any CPU.ActiveCfg = Release|Win32
		{F93924F2-CE2F-4420-AFCC-FE66F3753DCE}.Release|Mixed Platforms.ActiveCfg = Release|Win32
		{F93924F2-CE2F-4420-AFCC-FE66F3753DCE}.Release|Mixed Platforms.Build.0 = Release|Win32
		{F93924F2-CE2F-4420-AFCC-FE66F3753DCE}.Release|Win32.ActiveCfg = Release|Win32
		{F93924F2-CE2F-4420-AFCC-FE66F3753DCE}.Release|Win32.Build.0 = Release|Win32
		{F93924F2-CE2F-4420-AFCC-FE66F3753DCE}.SingleImage|Any CPU.ActiveCfg = Release|Win32
		{F93924F2-CE2F-4420-AFCC-FE66F3753DCE}.SingleImage|Mixed Platforms.ActiveCfg = Release|Win32
		{F93924F2-CE2F-4420-AFCC-FE66F3753DCE}.SingleImage|Mixed Platforms.Build.0 = Release|Win32
		{F93924F2-CE2F-4420-AFCC-FE66F3753DCE}.SingleImage|Win32.ActiveCfg = Release|Win32
		{F93924F2-CE2F-4420-AFCC-FE66F3753DCE}.SingleImage|Win32.Build.0 = Release|Win32
		{AA80D38A-CACE-4547-AD2D-B7F42B08B1B3}.CD_ROM|Any CPU.ActiveCfg = Release|Any CPU
		{AA80D38A-CACE-4547-AD2D-B7F42B08B1B3}.CD_ROM|Any CPU.Build.0 = Release|Any CPU
		{AA80D38A-CACE-4547-AD2D-B7F42B08B1B3}.CD_ROM|Mixed Platforms.ActiveCfg = Release|Any CPU
		{AA80D38A-CACE-4547-AD2D-B7F42B08B1B3}.CD_ROM|Mixed Platforms.Build.0 = Release|Any CPU
		{AA80D38A-CACE-4547-AD2D-B7F42B08B1B3}.CD_ROM|Win32.ActiveCfg = Release|Any CPU
		{AA80D38A-CACE-4547-AD2D-B7F42B08B1B3}.Debug|Any CPU.ActiveCfg = Debug|Any CPU
		{AA80D38A-CACE-4547-AD2D-B7F42B08B1B3}.Debug|Any CPU.Build.0 = Debug|Any CPU
		{AA80D38A-CACE-4547-AD2D-B7F42B08B1B3}.Debug|Mixed Platforms.ActiveCfg = Debug|Any CPU
		{AA80D38A-CACE-4547-AD2D-B7F42B08B1B3}.Debug|Mixed Platforms.Build.0 = Debug|Any CPU
		{AA80D38A-CACE-4547-AD2D-B7F42B08B1B3}.Debug|Win32.ActiveCfg = Debug|Any CPU
		{AA80D38A-CACE-4547-AD2D-B7F42B08B1B3}.DVD-5|Any CPU.ActiveCfg = Debug|Any CPU
		{AA80D38A-CACE-4547-AD2D-B7F42B08B1B3}.DVD-5|Any CPU.Build.0 = Debug|Any CPU
		{AA80D38A-CACE-4547-AD2D-B7F42B08B1B3}.DVD-5|Mixed Platforms.ActiveCfg = Debug|Any CPU
		{AA80D38A-CACE-4547-AD2D-B7F42B08B1B3}.DVD-5|Mixed Platforms.Build.0 = Debug|Any CPU
		{AA80D38A-CACE-4547-AD2D-B7F42B08B1B3}.DVD-5|Win32.ActiveCfg = Debug|Any CPU
		{AA80D38A-CACE-4547-AD2D-B7F42B08B1B3}.Release|Any CPU.ActiveCfg = Release|Any CPU
		{AA80D38A-CACE-4547-AD2D-B7F42B08B1B3}.Release|Any CPU.Build.0 = Release|Any CPU
		{AA80D38A-CACE-4547-AD2D-B7F42B08B1B3}.Release|Mixed Platforms.ActiveCfg = Release|Any CPU
		{AA80D38A-CACE-4547-AD2D-B7F42B08B1B3}.Release|Mixed Platforms.Build.0 = Release|Any CPU
		{AA80D38A-CACE-4547-AD2D-B7F42B08B1B3}.Release|Win32.ActiveCfg = Release|Any CPU
		{AA80D38A-CACE-4547-AD2D-B7F42B08B1B3}.Release|Win32.Build.0 = Release|Any CPU
		{AA80D38A-CACE-4547-AD2D-B7F42B08B1B3}.SingleImage|Any CPU.ActiveCfg = Release|Any CPU
		{AA80D38A-CACE-4547-AD2D-B7F42B08B1B3}.SingleImage|Any CPU.Build.0 = Release|Any CPU
		{AA80D38A-CACE-4547-AD2D-B7F42B08B1B3}.SingleImage|Mixed Platforms.ActiveCfg = Release|Any CPU
		{AA80D38A-CACE-4547-AD2D-B7F42B08B1B3}.SingleImage|Mixed Platforms.Build.0 = Release|Any CPU
		{AA80D38A-CACE-4547-AD2D-B7F42B08B1B3}.SingleImage|Win32.ActiveCfg = Release|Any CPU
		{A6E558B6-6EB2-4EC6-9AFD-3A0859FEB7E9}.CD_ROM|Any CPU.ActiveCfg = Release|Any CPU
		{A6E558B6-6EB2-4EC6-9AFD-3A0859FEB7E9}.CD_ROM|Any CPU.Build.0 = Release|Any CPU
		{A6E558B6-6EB2-4EC6-9AFD-3A0859FEB7E9}.CD_ROM|Mixed Platforms.ActiveCfg = Release|Any CPU
		{A6E558B6-6EB2-4EC6-9AFD-3A0859FEB7E9}.CD_ROM|Mixed Platforms.Build.0 = Release|Any CPU
		{A6E558B6-6EB2-4EC6-9AFD-3A0859FEB7E9}.CD_ROM|Win32.ActiveCfg = Release|Any CPU
		{A6E558B6-6EB2-4EC6-9AFD-3A0859FEB7E9}.Debug|Any CPU.ActiveCfg = Debug|Any CPU
		{A6E558B6-6EB2-4EC6-9AFD-3A0859FEB7E9}.Debug|Any CPU.Build.0 = Debug|Any CPU
		{A6E558B6-6EB2-4EC6-9AFD-3A0859FEB7E9}.Debug|Mixed Platforms.ActiveCfg = Debug|Any CPU
		{A6E558B6-6EB2-4EC6-9AFD-3A0859FEB7E9}.Debug|Mixed Platforms.Build.0 = Debug|Any CPU
		{A6E558B6-6EB2-4EC6-9AFD-3A0859FEB7E9}.Debug|Win32.ActiveCfg = Debug|Any CPU
		{A6E558B6-6EB2-4EC6-9AFD-3A0859FEB7E9}.DVD-5|Any CPU.ActiveCfg = Debug|Any CPU
		{A6E558B6-6EB2-4EC6-9AFD-3A0859FEB7E9}.DVD-5|Any CPU.Build.0 = Debug|Any CPU
		{A6E558B6-6EB2-4EC6-9AFD-3A0859FEB7E9}.DVD-5|Mixed Platforms.ActiveCfg = Debug|Any CPU
		{A6E558B6-6EB2-4EC6-9AFD-3A0859FEB7E9}.DVD-5|Mixed Platforms.Build.0 = Debug|Any CPU
		{A6E558B6-6EB2-4EC6-9AFD-3A0859FEB7E9}.DVD-5|Win32.ActiveCfg = Debug|Any CPU
		{A6E558B6-6EB2-4EC6-9AFD-3A0859FEB7E9}.Release|Any CPU.ActiveCfg = Release|Any CPU
		{A6E558B6-6EB2-4EC6-9AFD-3A0859FEB7E9}.Release|Any CPU.Build.0 = Release|Any CPU
		{A6E558B6-6EB2-4EC6-9AFD-3A0859FEB7E9}.Release|Mixed Platforms.ActiveCfg = Release|Any CPU
		{A6E558B6-6EB2-4EC6-9AFD-3A0859FEB7E9}.Release|Mixed Platforms.Build.0 = Release|Any CPU
		{A6E558B6-6EB2-4EC6-9AFD-3A0859FEB7E9}.Release|Win32.ActiveCfg = Release|Any CPU
		{A6E558B6-6EB2-4EC6-9AFD-3A0859FEB7E9}.Release|Win32.Build.0 = Release|Any CPU
		{A6E558B6-6EB2-4EC6-9AFD-3A0859FEB7E9}.SingleImage|Any CPU.ActiveCfg = Release|Any CPU
		{A6E558B6-6EB2-4EC6-9AFD-3A0859FEB7E9}.SingleImage|Any CPU.Build.0 = Release|Any CPU
		{A6E558B6-6EB2-4EC6-9AFD-3A0859FEB7E9}.SingleImage|Mixed Platforms.ActiveCfg = Release|Any CPU
		{A6E558B6-6EB2-4EC6-9AFD-3A0859FEB7E9}.SingleImage|Mixed Platforms.Build.0 = Release|Any CPU
		{A6E558B6-6EB2-4EC6-9AFD-3A0859FEB7E9}.SingleImage|Win32.ActiveCfg = Release|Any CPU
		{EEAEDAB0-F12E-4C08-840A-9D316C00339A}.CD_ROM|Any CPU.ActiveCfg = Release|Win32
		{EEAEDAB0-F12E-4C08-840A-9D316C00339A}.CD_ROM|Mixed Platforms.ActiveCfg = Release|Win32
		{EEAEDAB0-F12E-4C08-840A-9D316C00339A}.CD_ROM|Mixed Platforms.Build.0 = Release|Win32
		{EEAEDAB0-F12E-4C08-840A-9D316C00339A}.CD_ROM|Win32.ActiveCfg = Release|Win32
		{EEAEDAB0-F12E-4C08-840A-9D316C00339A}.CD_ROM|Win32.Build.0 = Release|Win32
		{EEAEDAB0-F12E-4C08-840A-9D316C00339A}.Debug|Any CPU.ActiveCfg = Debug|Win32
		{EEAEDAB0-F12E-4C08-840A-9D316C00339A}.Debug|Mixed Platforms.ActiveCfg = Debug|Win32
		{EEAEDAB0-F12E-4C08-840A-9D316C00339A}.Debug|Mixed Platforms.Build.0 = Debug|Win32
		{EEAEDAB0-F12E-4C08-840A-9D316C00339A}.Debug|Win32.ActiveCfg = Debug|Win32
		{EEAEDAB0-F12E-4C08-840A-9D316C00339A}.Debug|Win32.Build.0 = Debug|Win32
		{EEAEDAB0-F12E-4C08-840A-9D316C00339A}.DVD-5|Any CPU.ActiveCfg = Debug|Win32
		{EEAEDAB0-F12E-4C08-840A-9D316C00339A}.DVD-5|Mixed Platforms.ActiveCfg = Debug|Win32
		{EEAEDAB0-F12E-4C08-840A-9D316C00339A}.DVD-5|Mixed Platforms.Build.0 = Debug|Win32
		{EEAEDAB0-F12E-4C08-840A-9D316C00339A}.DVD-5|Win32.ActiveCfg = Debug|Win32
		{EEAEDAB0-F12E-4C08-840A-9D316C00339A}.DVD-5|Win32.Build.0 = Debug|Win32
		{EEAEDAB0-F12E-4C08-840A-9D316C00339A}.Release|Any CPU.ActiveCfg = Release|Win32
		{EEAEDAB0-F12E-4C08-840A-9D316C00339A}.Release|Mixed Platforms.ActiveCfg = Release|Win32
		{EEAEDAB0-F12E-4C08-840A-9D316C00339A}.Release|Mixed Platforms.Build.0 = Release|Win32
		{EEAEDAB0-F12E-4C08-840A-9D316C00339A}.Release|Win32.ActiveCfg = Release|Win32
		{EEAEDAB0-F12E-4C08-840A-9D316C00339A}.Release|Win32.Build.0 = Release|Win32
		{EEAEDAB0-F12E-4C08-840A-9D316C00339A}.SingleImage|Any CPU.ActiveCfg = Release|Win32
		{EEAEDAB0-F12E-4C08-840A-9D316C00339A}.SingleImage|Mixed Platforms.ActiveCfg = Release|Win32
		{EEAEDAB0-F12E-4C08-840A-9D316C00339A}.SingleImage|Mixed Platforms.Build.0 = Release|Win32
		{EEAEDAB0-F12E-4C08-840A-9D316C00339A}.SingleImage|Win32.ActiveCfg = Release|Win32
		{EEAEDAB0-F12E-4C08-840A-9D316C00339A}.SingleImage|Win32.Build.0 = Release|Win32
		{22E90329-9202-43AA-9A19-2A16F1226D46}.CD_ROM|Any CPU.ActiveCfg = Release|Win32
		{22E90329-9202-43AA-9A19-2A16F1226D46}.CD_ROM|Mixed Platforms.ActiveCfg = Release|Win32
		{22E90329-9202-43AA-9A19-2A16F1226D46}.CD_ROM|Mixed Platforms.Build.0 = Release|Win32
		{22E90329-9202-43AA-9A19-2A16F1226D46}.CD_ROM|Win32.ActiveCfg = Release|Win32
		{22E90329-9202-43AA-9A19-2A16F1226D46}.CD_ROM|Win32.Build.0 = Release|Win32
		{22E90329-9202-43AA-9A19-2A16F1226D46}.Debug|Any CPU.ActiveCfg = Debug|Win32
		{22E90329-9202-43AA-9A19-2A16F1226D46}.Debug|Mixed Platforms.ActiveCfg = Debug|Win32
		{22E90329-9202-43AA-9A19-2A16F1226D46}.Debug|Mixed Platforms.Build.0 = Debug|Win32
		{22E90329-9202-43AA-9A19-2A16F1226D46}.Debug|Win32.ActiveCfg = Debug|Win32
		{22E90329-9202-43AA-9A19-2A16F1226D46}.Debug|Win32.Build.0 = Debug|Win32
		{22E90329-9202-43AA-9A19-2A16F1226D46}.DVD-5|Any CPU.ActiveCfg = Debug|Win32
		{22E90329-9202-43AA-9A19-2A16F1226D46}.DVD-5|Mixed Platforms.ActiveCfg = Debug|Win32
		{22E90329-9202-43AA-9A19-2A16F1226D46}.DVD-5|Mixed Platforms.Build.0 = Debug|Win32
		{22E90329-9202-43AA-9A19-2A16F1226D46}.DVD-5|Win32.ActiveCfg = Debug|Win32
		{22E90329-9202-43AA-9A19-2A16F1226D46}.DVD-5|Win32.Build.0 = Debug|Win32
		{22E90329-9202-43AA-9A19-2A16F1226D46}.Release|Any CPU.ActiveCfg = Release|Win32
		{22E90329-9202-43AA-9A19-2A16F1226D46}.Release|Mixed Platforms.ActiveCfg = Release|Win32
		{22E90329-9202-43AA-9A19-2A16F1226D46}.Release|Mixed Platforms.Build.0 = Release|Win32
		{22E90329-9202-43AA-9A19-2A16F1226D46}.Release|Win32.ActiveCfg = Release|Win32
		{22E90329-9202-43AA-9A19-2A16F1226D46}.Release|Win32.Build.0 = Release|Win32
		{22E90329-9202-43AA-9A19-2A16F1226D46}.SingleImage|Any CPU.ActiveCfg = Release|Win32
		{22E90329-9202-43AA-9A19-2A16F1226D46}.SingleImage|Mixed Platforms.ActiveCfg = Release|Win32
		{22E90329-9202-43AA-9A19-2A16F1226D46}.SingleImage|Mixed Platforms.Build.0 = Release|Win32
		{22E90329-9202-43AA-9A19-2A16F1226D46}.SingleImage|Win32.ActiveCfg = Release|Win32
		{22E90329-9202-43AA-9A19-2A16F1226D46}.SingleImage|Win32.Build.0 = Release|Win32
	EndGlobalSection
	GlobalSection(SolutionProperties) = preSolution
		HideSolutionNode = FALSE
	EndGlobalSection
EndGlobal
